// !$*UTF8*$!
{
	archiveVersion = 1;
	classes = {
	};
	objectVersion = 46;
	objects = {

/* Begin PBXBuildFile section */
		D54600E515BC6994001B8251 /* Cocoa.framework in Frameworks */ = {isa = PBXBuildFile; fileRef = D54600E415BC6994001B8251 /* Cocoa.framework */; };
		D54600EF15BC6994001B8251 /* InfoPlist.strings in Resources */ = {isa = PBXBuildFile; fileRef = D54600ED15BC6994001B8251 /* InfoPlist.strings */; };
		D54600F115BC6994001B8251 /* main.m in Sources */ = {isa = PBXBuildFile; fileRef = D54600F015BC6994001B8251 /* main.m */; };
		D54600F515BC6994001B8251 /* Credits.rtf in Resources */ = {isa = PBXBuildFile; fileRef = D54600F315BC6994001B8251 /* Credits.rtf */; };
		D54600F815BC6994001B8251 /* MCAppDelegate.m in Sources */ = {isa = PBXBuildFile; fileRef = D54600F715BC6994001B8251 /* MCAppDelegate.m */; };
		D54600FB15BC6994001B8251 /* MainMenu.xib in Resources */ = {isa = PBXBuildFile; fileRef = D54600F915BC6994001B8251 /* MainMenu.xib */; };
		D54600FE15BC6994001B8251 /* Mail_Central.xcdatamodeld in Sources */ = {isa = PBXBuildFile; fileRef = D54600FC15BC6994001B8251 /* Mail_Central.xcdatamodeld */; };
/* End PBXBuildFile section */

/* Begin PBXFileReference section */
		D54600E015BC6994001B8251 /* Mail Central.app */ = {isa = PBXFileReference; explicitFileType = wrapper.application; includeInIndex = 0; path = "Mail Central.app"; sourceTree = BUILT_PRODUCTS_DIR; };
		D54600E415BC6994001B8251 /* Cocoa.framework */ = {isa = PBXFileReference; lastKnownFileType = wrapper.framework; name = Cocoa.framework; path = System/Library/Frameworks/Cocoa.framework; sourceTree = SDKROOT; };
		D54600E715BC6994001B8251 /* AppKit.framework */ = {isa = PBXFileReference; lastKnownFileType = wrapper.framework; name = AppKit.framework; path = System/Library/Frameworks/AppKit.framework; sourceTree = SDKROOT; };
		D54600E815BC6994001B8251 /* CoreData.framework */ = {isa = PBXFileReference; lastKnownFileType = wrapper.framework; name = CoreData.framework; path = System/Library/Frameworks/CoreData.framework; sourceTree = SDKROOT; };
		D54600E915BC6994001B8251 /* Foundation.framework */ = {isa = PBXFileReference; lastKnownFileType = wrapper.framework; name = Foundation.framework; path = System/Library/Frameworks/Foundation.framework; sourceTree = SDKROOT; };
		D54600EC15BC6994001B8251 /* Mail Central-Info.plist */ = {isa = PBXFileReference; lastKnownFileType = text.plist.xml; path = "Mail Central-Info.plist"; sourceTree = "<group>"; };
		D54600EE15BC6994001B8251 /* en */ = {isa = PBXFileReference; lastKnownFileType = text.plist.strings; name = en; path = en.lproj/InfoPlist.strings; sourceTree = "<group>"; };
		D54600F015BC6994001B8251 /* main.m */ = {isa = PBXFileReference; lastKnownFileType = sourcecode.c.objc; path = main.m; sourceTree = "<group>"; };
		D54600F215BC6994001B8251 /* Mail Central-Prefix.pch */ = {isa = PBXFileReference; lastKnownFileType = sourcecode.c.h; path = "Mail Central-Prefix.pch"; sourceTree = "<group>"; };
		D54600F415BC6994001B8251 /* en */ = {isa = PBXFileReference; lastKnownFileType = text.rtf; name = en; path = en.lproj/Credits.rtf; sourceTree = "<group>"; };
		D54600F615BC6994001B8251 /* MCAppDelegate.h */ = {isa = PBXFileReference; lastKnownFileType = sourcecode.c.h; path = MCAppDelegate.h; sourceTree = "<group>"; };
		D54600F715BC6994001B8251 /* MCAppDelegate.m */ = {isa = PBXFileReference; lastKnownFileType = sourcecode.c.objc; path = MCAppDelegate.m; sourceTree = "<group>"; };
		D54600FA15BC6994001B8251 /* en */ = {isa = PBXFileReference; lastKnownFileType = file.xib; name = en; path = en.lproj/MainMenu.xib; sourceTree = "<group>"; };
		D54600FD15BC6994001B8251 /* Mail_Central.xcdatamodel */ = {isa = PBXFileReference; lastKnownFileType = wrapper.xcdatamodel; path = Mail_Central.xcdatamodel; sourceTree = "<group>"; };
/* End PBXFileReference section */

/* Begin PBXFrameworksBuildPhase section */
		D54600DD15BC6994001B8251 /* Frameworks */ = {
			isa = PBXFrameworksBuildPhase;
			buildActionMask = 2147483647;
			files = (
				D54600E515BC6994001B8251 /* Cocoa.framework in Frameworks */,
			);
			runOnlyForDeploymentPostprocessing = 0;
		};
/* End PBXFrameworksBuildPhase section */

/* Begin PBXGroup section */
		D54600D515BC6994001B8251 = {
			isa = PBXGroup;
			children = (
				D54600EA15BC6994001B8251 /* Mail Central */,
				D54600E315BC6994001B8251 /* Frameworks */,
				D54600E115BC6994001B8251 /* Products */,
			);
			sourceTree = "<group>";
		};
		D54600E115BC6994001B8251 /* Products */ = {
			isa = PBXGroup;
			children = (
				D54600E015BC6994001B8251 /* Mail Central.app */,
			);
			name = Products;
			sourceTree = "<group>";
		};
		D54600E315BC6994001B8251 /* Frameworks */ = {
			isa = PBXGroup;
			children = (
				D54600E415BC6994001B8251 /* Cocoa.framework */,
				D54600E615BC6994001B8251 /* Other Frameworks */,
			);
			name = Frameworks;
			sourceTree = "<group>";
		};
		D54600E615BC6994001B8251 /* Other Frameworks */ = {
			isa = PBXGroup;
			children = (
				D54600E715BC6994001B8251 /* AppKit.framework */,
				D54600E815BC6994001B8251 /* CoreData.framework */,
				D54600E915BC6994001B8251 /* Foundation.framework */,
			);
			name = "Other Frameworks";
			sourceTree = "<group>";
		};
		D54600EA15BC6994001B8251 /* Mail Central */ = {
			isa = PBXGroup;
			children = (
				D54600F615BC6994001B8251 /* MCAppDelegate.h */,
				D54600F715BC6994001B8251 /* MCAppDelegate.m */,
				D54600F915BC6994001B8251 /* MainMenu.xib */,
				D54600FC15BC6994001B8251 /* Mail_Central.xcdatamodeld */,
				D54600EB15BC6994001B8251 /* Supporting Files */,
			);
			path = "Mail Central";
			sourceTree = "<group>";
		};
		D54600EB15BC6994001B8251 /* Supporting Files */ = {
			isa = PBXGroup;
			children = (
				D54600EC15BC6994001B8251 /* Mail Central-Info.plist */,
				D54600ED15BC6994001B8251 /* InfoPlist.strings */,
				D54600F015BC6994001B8251 /* main.m */,
				D54600F215BC6994001B8251 /* Mail Central-Prefix.pch */,
				D54600F315BC6994001B8251 /* Credits.rtf */,
			);
			name = "Supporting Files";
			sourceTree = "<group>";
		};
/* End PBXGroup section */

/* Begin PBXNativeTarget section */
		D54600DF15BC6994001B8251 /* Mail Central */ = {
			isa = PBXNativeTarget;
			buildConfigurationList = D546010115BC6994001B8251 /* Build configuration list for PBXNativeTarget "Mail Central" */;
			buildPhases = (
				D54600DC15BC6994001B8251 /* Sources */,
				D54600DD15BC6994001B8251 /* Frameworks */,
				D54600DE15BC6994001B8251 /* Resources */,
			);
			buildRules = (
			);
			dependencies = (
			);
			name = "Mail Central";
			productName = "Mail Central";
			productReference = D54600E015BC6994001B8251 /* Mail Central.app */;
			productType = "com.apple.product-type.application";
		};
/* End PBXNativeTarget section */

/* Begin PBXProject section */
		D54600D715BC6994001B8251 /* Project object */ = {
			isa = PBXProject;
			attributes = {
				CLASSPREFIX = MC;
				LastUpgradeCheck = 0440;
				ORGANIZATIONNAME = "D. Rimron";
			};
			buildConfigurationList = D54600DA15BC6994001B8251 /* Build configuration list for PBXProject "Mail Central" */;
			compatibilityVersion = "Xcode 3.2";
			developmentRegion = English;
			hasScannedForEncodings = 0;
			knownRegions = (
				en,
			);
			mainGroup = D54600D515BC6994001B8251;
			productRefGroup = D54600E115BC6994001B8251 /* Products */;
			projectDirPath = "";
			projectRoot = "";
			targets = (
				D54600DF15BC6994001B8251 /* Mail Central */,
			);
		};
/* End PBXProject section */

/* Begin PBXResourcesBuildPhase section */
		D54600DE15BC6994001B8251 /* Resources */ = {
			isa = PBXResourcesBuildPhase;
			buildActionMask = 2147483647;
			files = (
				D54600EF15BC6994001B8251 /* InfoPlist.strings in Resources */,
				D54600F515BC6994001B8251 /* Credits.rtf in Resources */,
				D54600FB15BC6994001B8251 /* MainMenu.xib in Resources */,
			);
			runOnlyForDeploymentPostprocessing = 0;
		};
/* End PBXResourcesBuildPhase section */

/* Begin PBXSourcesBuildPhase section */
		D54600DC15BC6994001B8251 /* Sources */ = {
			isa = PBXSourcesBuildPhase;
			buildActionMask = 2147483647;
			files = (
				D54600F115BC6994001B8251 /* main.m in Sources */,
				D54600F815BC6994001B8251 /* MCAppDelegate.m in Sources */,
				D54600FE15BC6994001B8251 /* Mail_Central.xcdatamodeld in Sources */,
			);
			runOnlyForDeploymentPostprocessing = 0;
		};
/* End PBXSourcesBuildPhase section */

/* Begin PBXVariantGroup section */
		D54600ED15BC6994001B8251 /* InfoPlist.strings */ = {
			isa = PBXVariantGroup;
			children = (
				D54600EE15BC6994001B8251 /* en */,
			);
			name = InfoPlist.strings;
			sourceTree = "<group>";
		};
		D54600F315BC6994001B8251 /* Credits.rtf */ = {
			isa = PBXVariantGroup;
			children = (
				D54600F415BC6994001B8251 /* en */,
			);
			name = Credits.rtf;
			sourceTree = "<group>";
		};
		D54600F915BC6994001B8251 /* MainMenu.xib */ = {
			isa = PBXVariantGroup;
			children = (
				D54600FA15BC6994001B8251 /* en */,
			);
			name = MainMenu.xib;
			sourceTree = "<group>";
		};
/* End PBXVariantGroup section */

/* Begin XCBuildConfiguration section */
		D54600FF15BC6994001B8251 /* Debug */ = {
			isa = XCBuildConfiguration;
			buildSettings = {
				ALWAYS_SEARCH_USER_PATHS = NO;
				ARCHS = "$(ARCHS_STANDARD_64_BIT)";
				CLANG_CXX_LANGUAGE_STANDARD = "gnu++0x";
				CLANG_ENABLE_OBJC_ARC = YES;
				CLANG_WARN__DUPLICATE_METHOD_MATCH = YES;
				COPY_PHASE_STRIP = NO;
				GCC_C_LANGUAGE_STANDARD = gnu99;
				GCC_DYNAMIC_NO_PIC = NO;
				GCC_ENABLE_OBJC_EXCEPTIONS = YES;
				GCC_OPTIMIZATION_LEVEL = 0;
				GCC_PREPROCESSOR_DEFINITIONS = (
					"DEBUG=1",
					"$(inherited)",
				);
				GCC_SYMBOLS_PRIVATE_EXTERN = NO;
				GCC_WARN_64_TO_32_BIT_CONVERSION = YES;
				GCC_WARN_ABOUT_RETURN_TYPE = YES;
				GCC_WARN_UNINITIALIZED_AUTOS = YES;
				GCC_WARN_UNUSED_VARIABLE = YES;
				MACOSX_DEPLOYMENT_TARGET = 10.7;
				ONLY_ACTIVE_ARCH = YES;
				SDKROOT = macosx;
			};
			name = Debug;
		};
		D546010015BC6994001B8251 /* Release */ = {
			isa = XCBuildConfiguration;
			buildSettings = {
				ALWAYS_SEARCH_USER_PATHS = NO;
				ARCHS = "$(ARCHS_STANDARD_64_BIT)";
				CLANG_CXX_LANGUAGE_STANDARD = "gnu++0x";
				CLANG_ENABLE_OBJC_ARC = YES;
				CLANG_WARN__DUPLICATE_METHOD_MATCH = YES;
				COPY_PHASE_STRIP = YES;
				DEBUG_INFORMATION_FORMAT = "dwarf-with-dsym";
				GCC_C_LANGUAGE_STANDARD = gnu99;
				GCC_ENABLE_OBJC_EXCEPTIONS = YES;
				GCC_WARN_64_TO_32_BIT_CONVERSION = YES;
				GCC_WARN_ABOUT_RETURN_TYPE = YES;
				GCC_WARN_UNINITIALIZED_AUTOS = YES;
				GCC_WARN_UNUSED_VARIABLE = YES;
				MACOSX_DEPLOYMENT_TARGET = 10.7;
				SDKROOT = macosx;
			};
			name = Release;
		};
		D546010215BC6994001B8251 /* Debug */ = {
			isa = XCBuildConfiguration;
			buildSettings = {
				COMBINE_HIDPI_IMAGES = YES;
				GCC_PRECOMPILE_PREFIX_HEADER = YES;
				GCC_PREFIX_HEADER = "Mail Central/Mail Central-Prefix.pch";
				INFOPLIST_FILE = "Mail Central/Mail Central-Info.plist";
				PRODUCT_NAME = "$(TARGET_NAME)";
				WRAPPER_EXTENSION = app;
			};
			name = Debug;
		};
		D546010315BC6994001B8251 /* Release */ = {
			isa = XCBuildConfiguration;
			buildSettings = {
				COMBINE_HIDPI_IMAGES = YES;
				GCC_PRECOMPILE_PREFIX_HEADER = YES;
				GCC_PREFIX_HEADER = "Mail Central/Mail Central-Prefix.pch";
				INFOPLIST_FILE = "Mail Central/Mail Central-Info.plist";
				PRODUCT_NAME = "$(TARGET_NAME)";
				WRAPPER_EXTENSION = app;
			};
			name = Release;
		};
/* End XCBuildConfiguration section */

/* Begin XCConfigurationList section */
		D54600DA15BC6994001B8251 /* Build configuration list for PBXProject "Mail Central" */ = {
			isa = XCConfigurationList;
			buildConfigurations = (
				D54600FF15BC6994001B8251 /* Debug */,
				D546010015BC6994001B8251 /* Release */,
			);
			defaultConfigurationIsVisible = 0;
			defaultConfigurationName = Release;
		};
		D546010115BC6994001B8251 /* Build configuration list for PBXNativeTarget "Mail Central" */ = {
			isa = XCConfigurationList;
			buildConfigurations = (
				D546010215BC6994001B8251 /* Debug */,
				D546010315BC6994001B8251 /* Release */,
			);
			defaultConfigurationIsVisible = 0;
		};
/* End XCConfigurationList section */

/* Begin XCVersionGroup section */
		D54600FC15BC6994001B8251 /* Mail_Central.xcdatamodeld */ = {
			isa = XCVersionGroup;
			children = (
				D54600FD15BC6994001B8251 /* Mail_Central.xcdatamodel */,
			);
			currentVersion = D54600FD15BC6994001B8251 /* Mail_Central.xcdatamodel */;
			path = Mail_Central.xcdatamodeld;
			sourceTree = "<group>";
			versionGroupType = wrapper.xcdatamodel;
		};
/* End XCVersionGroup section */
	};
	rootObject = D54600D715BC6994001B8251 /* Project object */;
}
