// !$*UTF8*$!
{
	archiveVersion = 1;
	classes = {
	};
	objectVersion = 46;
	objects = {

/* Begin PBXBuildFile section */
		D51D630C15BB2F2200AA7B50 /* Cocoa.framework in Frameworks */ = {isa = PBXBuildFile; fileRef = D51D630B15BB2F2200AA7B50 /* Cocoa.framework */; };
		D51D631615BB2F2200AA7B50 /* InfoPlist.strings in Resources */ = {isa = PBXBuildFile; fileRef = D51D631415BB2F2200AA7B50 /* InfoPlist.strings */; };
		D51D631815BB2F2200AA7B50 /* main.m in Sources */ = {isa = PBXBuildFile; fileRef = D51D631715BB2F2200AA7B50 /* main.m */; };
		D51D631C15BB2F2200AA7B50 /* Credits.rtf in Resources */ = {isa = PBXBuildFile; fileRef = D51D631A15BB2F2200AA7B50 /* Credits.rtf */; };
		D51D631F15BB2F2200AA7B50 /* XMCAppDelegate.m in Sources */ = {isa = PBXBuildFile; fileRef = D51D631E15BB2F2200AA7B50 /* XMCAppDelegate.m */; };
		D51D632215BB2F2300AA7B50 /* MainMenu.xib in Resources */ = {isa = PBXBuildFile; fileRef = D51D632015BB2F2300AA7B50 /* MainMenu.xib */; };
		D51D632515BB2F2300AA7B50 /* Mail_Central.xcdatamodeld in Sources */ = {isa = PBXBuildFile; fileRef = D51D632315BB2F2300AA7B50 /* Mail_Central.xcdatamodeld */; };
/* End PBXBuildFile section */

/* Begin PBXFileReference section */
		D51D630715BB2F2200AA7B50 /* Mail Central.app */ = {isa = PBXFileReference; explicitFileType = wrapper.application; includeInIndex = 0; path = "Mail Central.app"; sourceTree = BUILT_PRODUCTS_DIR; };
		D51D630B15BB2F2200AA7B50 /* Cocoa.framework */ = {isa = PBXFileReference; lastKnownFileType = wrapper.framework; name = Cocoa.framework; path = System/Library/Frameworks/Cocoa.framework; sourceTree = SDKROOT; };
		D51D630E15BB2F2200AA7B50 /* AppKit.framework */ = {isa = PBXFileReference; lastKnownFileType = wrapper.framework; name = AppKit.framework; path = System/Library/Frameworks/AppKit.framework; sourceTree = SDKROOT; };
		D51D630F15BB2F2200AA7B50 /* CoreData.framework */ = {isa = PBXFileReference; lastKnownFileType = wrapper.framework; name = CoreData.framework; path = System/Library/Frameworks/CoreData.framework; sourceTree = SDKROOT; };
		D51D631015BB2F2200AA7B50 /* Foundation.framework */ = {isa = PBXFileReference; lastKnownFileType = wrapper.framework; name = Foundation.framework; path = System/Library/Frameworks/Foundation.framework; sourceTree = SDKROOT; };
		D51D631315BB2F2200AA7B50 /* Mail Central-Info.plist */ = {isa = PBXFileReference; lastKnownFileType = text.plist.xml; path = "Mail Central-Info.plist"; sourceTree = "<group>"; };
		D51D631515BB2F2200AA7B50 /* en */ = {isa = PBXFileReference; lastKnownFileType = text.plist.strings; name = en; path = en.lproj/InfoPlist.strings; sourceTree = "<group>"; };
		D51D631715BB2F2200AA7B50 /* main.m */ = {isa = PBXFileReference; lastKnownFileType = sourcecode.c.objc; path = main.m; sourceTree = "<group>"; };
		D51D631915BB2F2200AA7B50 /* Mail Central-Prefix.pch */ = {isa = PBXFileReference; lastKnownFileType = sourcecode.c.h; path = "Mail Central-Prefix.pch"; sourceTree = "<group>"; };
		D51D631B15BB2F2200AA7B50 /* en */ = {isa = PBXFileReference; lastKnownFileType = text.rtf; name = en; path = en.lproj/Credits.rtf; sourceTree = "<group>"; };
		D51D631D15BB2F2200AA7B50 /* XMCAppDelegate.h */ = {isa = PBXFileReference; lastKnownFileType = sourcecode.c.h; path = XMCAppDelegate.h; sourceTree = "<group>"; };
		D51D631E15BB2F2200AA7B50 /* XMCAppDelegate.m */ = {isa = PBXFileReference; lastKnownFileType = sourcecode.c.objc; path = XMCAppDelegate.m; sourceTree = "<group>"; };
		D51D632115BB2F2300AA7B50 /* en */ = {isa = PBXFileReference; lastKnownFileType = file.xib; name = en; path = en.lproj/MainMenu.xib; sourceTree = "<group>"; };
		D51D632415BB2F2300AA7B50 /* Mail_Central.xcdatamodel */ = {isa = PBXFileReference; lastKnownFileType = wrapper.xcdatamodel; path = Mail_Central.xcdatamodel; sourceTree = "<group>"; };
/* End PBXFileReference section */

/* Begin PBXFrameworksBuildPhase section */
		D51D630415BB2F2200AA7B50 /* Frameworks */ = {
			isa = PBXFrameworksBuildPhase;
			buildActionMask = 2147483647;
			files = (
				D51D630C15BB2F2200AA7B50 /* Cocoa.framework in Frameworks */,
			);
			runOnlyForDeploymentPostprocessing = 0;
		};
/* End PBXFrameworksBuildPhase section */

/* Begin PBXGroup section */
		D51D62FC15BB2F2200AA7B50 = {
			isa = PBXGroup;
			children = (
				D51D631115BB2F2200AA7B50 /* Mail Central */,
				D51D630A15BB2F2200AA7B50 /* Frameworks */,
				D51D630815BB2F2200AA7B50 /* Products */,
			);
			sourceTree = "<group>";
		};
		D51D630815BB2F2200AA7B50 /* Products */ = {
			isa = PBXGroup;
			children = (
				D51D630715BB2F2200AA7B50 /* Mail Central.app */,
			);
			name = Products;
			sourceTree = "<group>";
		};
		D51D630A15BB2F2200AA7B50 /* Frameworks */ = {
			isa = PBXGroup;
			children = (
				D51D630B15BB2F2200AA7B50 /* Cocoa.framework */,
				D51D630D15BB2F2200AA7B50 /* Other Frameworks */,
			);
			name = Frameworks;
			sourceTree = "<group>";
		};
		D51D630D15BB2F2200AA7B50 /* Other Frameworks */ = {
			isa = PBXGroup;
			children = (
				D51D630E15BB2F2200AA7B50 /* AppKit.framework */,
				D51D630F15BB2F2200AA7B50 /* CoreData.framework */,
				D51D631015BB2F2200AA7B50 /* Foundation.framework */,
			);
			name = "Other Frameworks";
			sourceTree = "<group>";
		};
		D51D631115BB2F2200AA7B50 /* Mail Central */ = {
			isa = PBXGroup;
			children = (
				D51D631D15BB2F2200AA7B50 /* XMCAppDelegate.h */,
				D51D631E15BB2F2200AA7B50 /* XMCAppDelegate.m */,
				D51D632015BB2F2300AA7B50 /* MainMenu.xib */,
				D51D632315BB2F2300AA7B50 /* Mail_Central.xcdatamodeld */,
				D51D631215BB2F2200AA7B50 /* Supporting Files */,
			);
			path = "Mail Central";
			sourceTree = "<group>";
		};
		D51D631215BB2F2200AA7B50 /* Supporting Files */ = {
			isa = PBXGroup;
			children = (
				D51D631315BB2F2200AA7B50 /* Mail Central-Info.plist */,
				D51D631415BB2F2200AA7B50 /* InfoPlist.strings */,
				D51D631715BB2F2200AA7B50 /* main.m */,
				D51D631915BB2F2200AA7B50 /* Mail Central-Prefix.pch */,
				D51D631A15BB2F2200AA7B50 /* Credits.rtf */,
			);
			name = "Supporting Files";
			sourceTree = "<group>";
		};
/* End PBXGroup section */

/* Begin PBXNativeTarget section */
		D51D630615BB2F2200AA7B50 /* Mail Central */ = {
			isa = PBXNativeTarget;
			buildConfigurationList = D51D632815BB2F2300AA7B50 /* Build configuration list for PBXNativeTarget "Mail Central" */;
			buildPhases = (
				D51D630315BB2F2200AA7B50 /* Sources */,
				D51D630415BB2F2200AA7B50 /* Frameworks */,
				D51D630515BB2F2200AA7B50 /* Resources */,
			);
			buildRules = (
			);
			dependencies = (
			);
			name = "Mail Central";
			productName = "Mail Central";
			productReference = D51D630715BB2F2200AA7B50 /* Mail Central.app */;
			productType = "com.apple.product-type.application";
		};
/* End PBXNativeTarget section */

/* Begin PBXProject section */
		D51D62FE15BB2F2200AA7B50 /* Project object */ = {
			isa = PBXProject;
			attributes = {
				CLASSPREFIX = XMC;
				LastUpgradeCheck = 0450;
				ORGANIZATIONNAME = Xalior;
			};
			buildConfigurationList = D51D630115BB2F2200AA7B50 /* Build configuration list for PBXProject "Mail Central" */;
			compatibilityVersion = "Xcode 3.2";
			developmentRegion = English;
			hasScannedForEncodings = 0;
			knownRegions = (
				en,
			);
			mainGroup = D51D62FC15BB2F2200AA7B50;
			productRefGroup = D51D630815BB2F2200AA7B50 /* Products */;
			projectDirPath = "";
			projectRoot = "";
			targets = (
				D51D630615BB2F2200AA7B50 /* Mail Central */,
			);
		};
/* End PBXProject section */

/* Begin PBXResourcesBuildPhase section */
		D51D630515BB2F2200AA7B50 /* Resources */ = {
			isa = PBXResourcesBuildPhase;
			buildActionMask = 2147483647;
			files = (
				D51D631615BB2F2200AA7B50 /* InfoPlist.strings in Resources */,
				D51D631C15BB2F2200AA7B50 /* Credits.rtf in Resources */,
				D51D632215BB2F2300AA7B50 /* MainMenu.xib in Resources */,
			);
			runOnlyForDeploymentPostprocessing = 0;
		};
/* End PBXResourcesBuildPhase section */

/* Begin PBXSourcesBuildPhase section */
		D51D630315BB2F2200AA7B50 /* Sources */ = {
			isa = PBXSourcesBuildPhase;
			buildActionMask = 2147483647;
			files = (
				D51D631815BB2F2200AA7B50 /* main.m in Sources */,
				D51D631F15BB2F2200AA7B50 /* XMCAppDelegate.m in Sources */,
				D51D632515BB2F2300AA7B50 /* Mail_Central.xcdatamodeld in Sources */,
			);
			runOnlyForDeploymentPostprocessing = 0;
		};
/* End PBXSourcesBuildPhase section */

/* Begin PBXVariantGroup section */
		D51D631415BB2F2200AA7B50 /* InfoPlist.strings */ = {
			isa = PBXVariantGroup;
			children = (
				D51D631515BB2F2200AA7B50 /* en */,
			);
			name = InfoPlist.strings;
			sourceTree = "<group>";
		};
		D51D631A15BB2F2200AA7B50 /* Credits.rtf */ = {
			isa = PBXVariantGroup;
			children = (
				D51D631B15BB2F2200AA7B50 /* en */,
			);
			name = Credits.rtf;
			sourceTree = "<group>";
		};
		D51D632015BB2F2300AA7B50 /* MainMenu.xib */ = {
			isa = PBXVariantGroup;
			children = (
				D51D632115BB2F2300AA7B50 /* en */,
			);
			name = MainMenu.xib;
			sourceTree = "<group>";
		};
/* End PBXVariantGroup section */

/* Begin XCBuildConfiguration section */
		D51D632615BB2F2300AA7B50 /* Debug */ = {
			isa = XCBuildConfiguration;
			buildSettings = {
				ALWAYS_SEARCH_USER_PATHS = NO;
				ARCHS = "$(ARCHS_STANDARD_64_BIT)";
				CLANG_CXX_LANGUAGE_STANDARD = "gnu++0x";
				CLANG_CXX_LIBRARY = "libc++";
				CLANG_ENABLE_OBJC_ARC = YES;
				CLANG_WARN__DUPLICATE_METHOD_MATCH = YES;
				COPY_PHASE_STRIP = NO;
				GCC_C_LANGUAGE_STANDARD = gnu99;
				GCC_DYNAMIC_NO_PIC = NO;
				GCC_ENABLE_OBJC_EXCEPTIONS = YES;
				GCC_OPTIMIZATION_LEVEL = 0;
				GCC_PREPROCESSOR_DEFINITIONS = (
					"DEBUG=1",
					"$(inherited)",
				);
				GCC_SYMBOLS_PRIVATE_EXTERN = NO;
				GCC_WARN_64_TO_32_BIT_CONVERSION = YES;
				GCC_WARN_ABOUT_RETURN_TYPE = YES;
				GCC_WARN_UNINITIALIZED_AUTOS = YES;
				GCC_WARN_UNUSED_VARIABLE = YES;
				MACOSX_DEPLOYMENT_TARGET = 10.8;
				ONLY_ACTIVE_ARCH = YES;
				SDKROOT = macosx;
			};
			name = Debug;
		};
		D51D632715BB2F2300AA7B50 /* Release */ = {
			isa = XCBuildConfiguration;
			buildSettings = {
				ALWAYS_SEARCH_USER_PATHS = NO;
				ARCHS = "$(ARCHS_STANDARD_64_BIT)";
				CLANG_CXX_LANGUAGE_STANDARD = "gnu++0x";
				CLANG_CXX_LIBRARY = "libc++";
				CLANG_ENABLE_OBJC_ARC = YES;
				CLANG_WARN__DUPLICATE_METHOD_MATCH = YES;
				COPY_PHASE_STRIP = YES;
				DEBUG_INFORMATION_FORMAT = "dwarf-with-dsym";
				GCC_C_LANGUAGE_STANDARD = gnu99;
				GCC_ENABLE_OBJC_EXCEPTIONS = YES;
				GCC_WARN_64_TO_32_BIT_CONVERSION = YES;
				GCC_WARN_ABOUT_RETURN_TYPE = YES;
				GCC_WARN_UNINITIALIZED_AUTOS = YES;
				GCC_WARN_UNUSED_VARIABLE = YES;
				MACOSX_DEPLOYMENT_TARGET = 10.8;
				SDKROOT = macosx;
			};
			name = Release;
		};
		D51D632915BB2F2300AA7B50 /* Debug */ = {
			isa = XCBuildConfiguration;
			buildSettings = {
				COMBINE_HIDPI_IMAGES = YES;
				GCC_PRECOMPILE_PREFIX_HEADER = YES;
				GCC_PREFIX_HEADER = "Mail Central/Mail Central-Prefix.pch";
				INFOPLIST_FILE = "Mail Central/Mail Central-Info.plist";
				PRODUCT_NAME = "$(TARGET_NAME)";
				WRAPPER_EXTENSION = app;
			};
			name = Debug;
		};
		D51D632A15BB2F2300AA7B50 /* Release */ = {
			isa = XCBuildConfiguration;
			buildSettings = {
				COMBINE_HIDPI_IMAGES = YES;
				GCC_PRECOMPILE_PREFIX_HEADER = YES;
				GCC_PREFIX_HEADER = "Mail Central/Mail Central-Prefix.pch";
				INFOPLIST_FILE = "Mail Central/Mail Central-Info.plist";
				PRODUCT_NAME = "$(TARGET_NAME)";
				WRAPPER_EXTENSION = app;
			};
			name = Release;
		};
/* End XCBuildConfiguration section */

/* Begin XCConfigurationList section */
		D51D630115BB2F2200AA7B50 /* Build configuration list for PBXProject "Mail Central" */ = {
			isa = XCConfigurationList;
			buildConfigurations = (
				D51D632615BB2F2300AA7B50 /* Debug */,
				D51D632715BB2F2300AA7B50 /* Release */,
			);
			defaultConfigurationIsVisible = 0;
			defaultConfigurationName = Release;
		};
		D51D632815BB2F2300AA7B50 /* Build configuration list for PBXNativeTarget "Mail Central" */ = {
			isa = XCConfigurationList;
			buildConfigurations = (
				D51D632915BB2F2300AA7B50 /* Debug */,
				D51D632A15BB2F2300AA7B50 /* Release */,
			);
			defaultConfigurationIsVisible = 0;
		};
/* End XCConfigurationList section */

/* Begin XCVersionGroup section */
		D51D632315BB2F2300AA7B50 /* Mail_Central.xcdatamodeld */ = {
			isa = XCVersionGroup;
			children = (
				D51D632415BB2F2300AA7B50 /* Mail_Central.xcdatamodel */,
			);
			currentVersion = D51D632415BB2F2300AA7B50 /* Mail_Central.xcdatamodel */;
			path = Mail_Central.xcdatamodeld;
			sourceTree = "<group>";
			versionGroupType = wrapper.xcdatamodel;
		};
/* End XCVersionGroup section */
	};
	rootObject = D51D62FE15BB2F2200AA7B50 /* Project object */;
}
